
Microsoft Visual Studio Solution File, Format Version 12.00
# Visual Studio Version 17
VisualStudioVersion = 17.10.35004.147
MinimumVisualStudioVersion = 10.0.40219.1
Project("{9A19103F-16F7-4668-BE54-9A1E7A4F7556}") = "Wpf_MVVM_App", "Wpf_MVVM_App\Wpf_MVVM_App.csproj", "{E3F6D6C8-F6F0-4347-8ABB-1D2E785D8148}"
EndProject
Project("{FAE04EC0-301F-11D3-BF4B-00C04F79EFBC}") = "MVVM_Demo", "MVVM_Demo\MVVM_Demo.csproj", "{772BC47A-8CF9-4513-A807-5258854C86B4}"
EndProject
Global
	GlobalSection(SolutionConfigurationPlatforms) = preSolution
		Debug|Any CPU = Debug|Any CPU
		Release|Any CPU = Release|Any CPU
	EndGlobalSection
	GlobalSection(ProjectConfigurationPlatforms) = postSolution
		{E3F6D6C8-F6F0-4347-8ABB-1D2E785D8148}.Debug|Any CPU.ActiveCfg = Debug|Any CPU
		{E3F6D6C8-F6F0-4347-8ABB-1D2E785D8148}.Debug|Any CPU.Build.0 = Debug|Any CPU
		{E3F6D6C8-F6F0-4347-8ABB-1D2E785D8148}.Release|Any CPU.ActiveCfg = Release|Any CPU
		{E3F6D6C8-F6F0-4347-8ABB-1D2E785D8148}.Release|Any CPU.Build.0 = Release|Any CPU
		{772BC47A-8CF9-4513-A807-5258854C86B4}.Debug|Any CPU.ActiveCfg = Debug|Any CPU
		{772BC47A-8CF9-4513-A807-5258854C86B4}.Debug|Any CPU.Build.0 = Debug|Any CPU
		{772BC47A-8CF9-4513-A807-5258854C86B4}.Release|Any CPU.ActiveCfg = Release|Any CPU
		{772BC47A-8CF9-4513-A807-5258854C86B4}.Release|Any CPU.Build.0 = Release|Any CPU
	EndGlobalSection
	GlobalSection(SolutionProperties) = preSolution
		HideSolutionNode = FALSE
	EndGlobalSection
	GlobalSection(ExtensibilityGlobals) = postSolution
		SolutionGuid = {021753AA-6F13-4F62-A711-BDB76FDA22C8}
	EndGlobalSection
EndGlobal
